
Microsoft Visual Studio Solution File, Format Version 12.00
# Visual Studio Version 17
VisualStudioVersion = 17.14.36429.23 d17.14
MinimumVisualStudioVersion = 10.0.40219.1
Project("{FAE04EC0-301F-11D3-BF4B-00C04F79EFBC}") = "FutureXcel.Api", "FutureXcel.Api\FutureXcel.Api.csproj", "{9BF30FAD-1261-4CD9-A88C-9A9C440637DB}"
EndProject
Global
	GlobalSection(SolutionConfigurationPlatforms) = preSolution
		Debug|Any CPU = Debug|Any CPU
		Release|Any CPU = Release|Any CPU
	EndGlobalSection
	GlobalSection(ProjectConfigurationPlatforms) = postSolution
		{9BF30FAD-1261-4CD9-A88C-9A9C440637DB}.Debug|Any CPU.ActiveCfg = Debug|Any CPU
		{9BF30FAD-1261-4CD9-A88C-9A9C440637DB}.Debug|Any CPU.Build.0 = Debug|Any CPU
		{9BF30FAD-1261-4CD9-A88C-9A9C440637DB}.Release|Any CPU.ActiveCfg = Release|Any CPU
		{9BF30FAD-1261-4CD9-A88C-9A9C440637DB}.Release|Any CPU.Build.0 = Release|Any CPU
	EndGlobalSection
	GlobalSection(SolutionProperties) = preSolution
		HideSolutionNode = FALSE
	EndGlobalSection
	GlobalSection(ExtensibilityGlobals) = postSolution
		SolutionGuid = {9BA262B4-25BA-4F28-8004-F535E18F02DE}
	EndGlobalSection
EndGlobal
